
Microsoft Visual Studio Solution File, Format Version 12.00
# Visual Studio Version 17
VisualStudioVersion = 17.0.31903.59
MinimumVisualStudioVersion = 10.0.40219.1
Project("{2150E333-8FDC-42A3-9474-1A3956D46DE8}") = "src", "src", "{EFB1ADB4-3FE3-44C9-A620-F1AF62F08F90}"
EndProject
Project("{FAE04EC0-301F-11D3-BF4B-00C04F79EFBC}") = "Bfg.Api", "src\Bfg.Api\Bfg.Api.csproj", "{9E412794-FF2C-4FD5-B893-8222E80BCEF0}"
EndProject
Project("{FAE04EC0-301F-11D3-BF4B-00C04F79EFBC}") = "Bfg.Core", "src\Bfg.Core\Bfg.Core.csproj", "{2170CCA7-AE83-4729-B57E-D1C5EEB7FD38}"
EndProject
Project("{2150E333-8FDC-42A3-9474-1A3956D46DE8}") = "tools", "tools", "{702C01CB-90D3-492D-A1CC-DB42A6B1A80A}"
EndProject
Project("{FAE04EC0-301F-11D3-BF4B-00C04F79EFBC}") = "Bfg.Cli", "tools\Bfg.Cli\Bfg.Cli.csproj", "{51DB12D9-1084-4E83-B98C-76685E1E72B2}"
EndProject
Project("{2150E333-8FDC-42A3-9474-1A3956D46DE8}") = "test", "test", "{A2197AC0-75AF-429F-980D-DEC627C7A9FE}"
EndProject
Project("{FAE04EC0-301F-11D3-BF4B-00C04F79EFBC}") = "Bfg.Api.Tests", "test\Bfg.Api.Tests\Bfg.Api.Tests.csproj", "{43E319D8-4552-4054-8C55-07BA9F9C7EEF}"
EndProject
Global
	GlobalSection(SolutionConfigurationPlatforms) = preSolution
		Debug|Any CPU = Debug|Any CPU
		Release|Any CPU = Release|Any CPU
	EndGlobalSection
	GlobalSection(SolutionProperties) = preSolution
		HideSolutionNode = FALSE
	EndGlobalSection
	GlobalSection(ProjectConfigurationPlatforms) = postSolution
		{9E412794-FF2C-4FD5-B893-8222E80BCEF0}.Debug|Any CPU.ActiveCfg = Debug|Any CPU
		{9E412794-FF2C-4FD5-B893-8222E80BCEF0}.Debug|Any CPU.Build.0 = Debug|Any CPU
		{9E412794-FF2C-4FD5-B893-8222E80BCEF0}.Release|Any CPU.ActiveCfg = Release|Any CPU
		{9E412794-FF2C-4FD5-B893-8222E80BCEF0}.Release|Any CPU.Build.0 = Release|Any CPU
		{2170CCA7-AE83-4729-B57E-D1C5EEB7FD38}.Debug|Any CPU.ActiveCfg = Debug|Any CPU
		{2170CCA7-AE83-4729-B57E-D1C5EEB7FD38}.Debug|Any CPU.Build.0 = Debug|Any CPU
		{2170CCA7-AE83-4729-B57E-D1C5EEB7FD38}.Release|Any CPU.ActiveCfg = Release|Any CPU
		{2170CCA7-AE83-4729-B57E-D1C5EEB7FD38}.Release|Any CPU.Build.0 = Release|Any CPU
		{51DB12D9-1084-4E83-B98C-76685E1E72B2}.Debug|Any CPU.ActiveCfg = Debug|Any CPU
		{51DB12D9-1084-4E83-B98C-76685E1E72B2}.Debug|Any CPU.Build.0 = Debug|Any CPU
		{51DB12D9-1084-4E83-B98C-76685E1E72B2}.Release|Any CPU.ActiveCfg = Release|Any CPU
		{51DB12D9-1084-4E83-B98C-76685E1E72B2}.Release|Any CPU.Build.0 = Release|Any CPU
		{43E319D8-4552-4054-8C55-07BA9F9C7EEF}.Debug|Any CPU.ActiveCfg = Debug|Any CPU
		{43E319D8-4552-4054-8C55-07BA9F9C7EEF}.Debug|Any CPU.Build.0 = Debug|Any CPU
		{43E319D8-4552-4054-8C55-07BA9F9C7EEF}.Release|Any CPU.ActiveCfg = Release|Any CPU
		{43E319D8-4552-4054-8C55-07BA9F9C7EEF}.Release|Any CPU.Build.0 = Release|Any CPU
	EndGlobalSection
	GlobalSection(NestedProjects) = preSolution
		{9E412794-FF2C-4FD5-B893-8222E80BCEF0} = {EFB1ADB4-3FE3-44C9-A620-F1AF62F08F90}
		{2170CCA7-AE83-4729-B57E-D1C5EEB7FD38} = {EFB1ADB4-3FE3-44C9-A620-F1AF62F08F90}
		{51DB12D9-1084-4E83-B98C-76685E1E72B2} = {702C01CB-90D3-492D-A1CC-DB42A6B1A80A}
		{43E319D8-4552-4054-8C55-07BA9F9C7EEF} = {A2197AC0-75AF-429F-980D-DEC627C7A9FE}
	EndGlobalSection
EndGlobal
